{
  "name": "@binary-com/smartcharts",
  "version": "0.3.0",
  "lockfileVersion": 1,
  "requires": true,
  "dependencies": {
    "can-use-dom": {
      "version": "0.1.0",
      "resolved": "https://registry.npmjs.org/can-use-dom/-/can-use-dom-0.1.0.tgz",
      "integrity": "sha1-IsxKNKCrxDlQ9CxkEQJKP2NmtFo="
    },
    "js-tokens": {
      "version": "4.0.0",
      "resolved": "https://registry.npmjs.org/js-tokens/-/js-tokens-4.0.0.tgz",
      "integrity": "sha512-RdJUflcE3cUzKiMqQgsCu06FPu9UdIJO0beYbPhHN4k6apgJtifcoCtT9bcxOpYBtpD2kCM6Sbzg4CausW/PKQ=="
    },
    "lodash.memoize": {
      "version": "4.1.2",
      "resolved": "https://registry.npmjs.org/lodash.memoize/-/lodash.memoize-4.1.2.tgz",
      "integrity": "sha1-vMbEmkKihA7Zl/Mj6tpezRguC/4="
    },
    "lodash.throttle": {
      "version": "4.1.1",
      "resolved": "https://registry.npmjs.org/lodash.throttle/-/lodash.throttle-4.1.1.tgz",
      "integrity": "sha1-wj6RtxAkKscMN/HhzaknTMOb8vQ="
    },
    "loose-envify": {
      "version": "1.4.0",
      "resolved": "https://registry.npmjs.org/loose-envify/-/loose-envify-1.4.0.tgz",
      "integrity": "sha512-lyuxPGr/Wfhrlem2CL/UcnUc1zcqKAImBDzukY7Y5F/yQiNdko6+fRLevlw1HgMySw7f611UIY408EtxRSoK3Q==",
      "requires": {
        "js-tokens": "4.0.0"
      }
    },
    "object-assign": {
      "version": "4.1.1",
      "resolved": "https://registry.npmjs.org/object-assign/-/object-assign-4.1.1.tgz",
      "integrity": "sha1-IQmtx5ZYh8/AXLvUQsrIv7s2CGM="
    },
    "prop-types": {
      "version": "15.6.2",
      "resolved": "https://registry.npmjs.org/prop-types/-/prop-types-15.6.2.tgz",
      "integrity": "sha512-3pboPvLiWD7dkI3qf3KbUe6hKFKa52w+AE0VCqECtf+QHAKgOL37tTaNCnuX1nAAQ4ZhyP+kYVKf8rLmJ/feDQ==",
      "requires": {
        "loose-envify": "1.4.0",
        "object-assign": "4.1.1"
      }
    },
    "scrollbarwidth": {
      "version": "0.1.3",
      "resolved": "https://registry.npmjs.org/scrollbarwidth/-/scrollbarwidth-0.1.3.tgz",
      "integrity": "sha1-Gw3mTiiMOMQn9KAf4ApGKgS5T98="
    },
    "simplebar-react": {
      "version": "0.1.0-beta.5",
      "resolved": "https://registry.npmjs.org/simplebar-react/-/simplebar-react-0.1.0-beta.5.tgz",
      "integrity": "sha512-whZhbIUF0xDlOXdngIf1eQaRCyq8n2DirvC8PrFeW35+2ES1Mbmz6Lp1HW3QRPsHe0U09GFSzo14bp0miaTvcA==",
      "requires": {
        "prop-types": "15.6.2",
        "simplebar": "3.1.0-beta.5"
      },
      "dependencies": {
        "lodash.debounce": {
          "version": "4.0.8",
          "resolved": "https://registry.npmjs.org/lodash.debounce/-/lodash.debounce-4.0.8.tgz",
          "integrity": "sha1-gteb/zCmfEAF/9XiUVMArZyk168="
        },
        "resize-observer-polyfill": {
          "version": "1.5.0",
          "resolved": "https://registry.npmjs.org/resize-observer-polyfill/-/resize-observer-polyfill-1.5.0.tgz",
          "integrity": "sha512-M2AelyJDVR/oLnToJLtuDJRBBWUGUvvGigj1411hXhAdyFWqMaqHp7TixW3FpiLuVaikIcR1QL+zqoJoZlOgpg=="
        },
        "simplebar": {
          "version": "3.1.0-beta.5",
          "resolved": "https://registry.npmjs.org/simplebar/-/simplebar-3.1.0-beta.5.tgz",
          "integrity": "sha512-Zo8EvFirjxYFOmKanlV5EfHVMaIcFPLqrafAeJzi+ZLVG7wiz0X6GR7fZZJaLwHmGJ8mLbG3xUIrTZ2gk+e3qA==",
          "requires": {
            "can-use-dom": "0.1.0",
            "lodash.debounce": "4.0.8",
            "lodash.memoize": "4.1.2",
            "lodash.throttle": "4.1.1",
            "resize-observer-polyfill": "1.5.0",
            "scrollbarwidth": "0.1.3"
          }
        }
      }
    }
  }
}
